
Microsoft Visual Studio Solution File, Format Version 12.00
# Visual Studio 14
VisualStudioVersion = 14.0.25420.1
MinimumVisualStudioVersion = 10.0.40219.1
Project("{FAE04EC0-301F-11D3-BF4B-00C04F79EFBC}") = "PWproject", "PWproject\PWproject.csproj", "{8C8A6B78-1FF5-4B22-9AD7-7DAD074D6780}"
EndProject
Project("{FAE04EC0-301F-11D3-BF4B-00C04F79EFBC}") = "VarType", "VarType\VarType.csproj", "{E111D07A-5140-4CBB-B7C8-B1332590B30D}"
EndProject
Project("{FAE04EC0-301F-11D3-BF4B-00C04F79EFBC}") = "TypeCast", "TypeCast\TypeCast.csproj", "{BF9A5535-4339-4465-B9E2-7060C862EFA0}"
EndProject
Project("{FAE04EC0-301F-11D3-BF4B-00C04F79EFBC}") = "Ostatok", "Ostatok\Ostatok.csproj", "{CE39EFA4-CDD4-4AA5-A30C-9133883E8221}"
EndProject
Project("{FAE04EC0-301F-11D3-BF4B-00C04F79EFBC}") = "inkrement_dekrement", "inkrement_dekrement\inkrement_dekrement.csproj", "{3EC07B29-D9A9-49AD-8E96-8BB4375DA192}"
EndProject
Project("{FAE04EC0-301F-11D3-BF4B-00C04F79EFBC}") = "LogikOperator", "LogikOperator\LogikOperator.csproj", "{BAA83D4A-26A5-4E58-AA24-4D0A17B977DC}"
EndProject
Project("{FAE04EC0-301F-11D3-BF4B-00C04F79EFBC}") = "IfElse", "IfElse\IfElse.csproj", "{5AB55B41-28E8-4137-ACB5-D008088171CA}"
EndProject
Project("{FAE04EC0-301F-11D3-BF4B-00C04F79EFBC}") = "switch", "switch\switch.csproj", "{B292A811-9FB7-4F95-86C2-1AE93114D9E5}"
EndProject
Global
	GlobalSection(SolutionConfigurationPlatforms) = preSolution
		Debug|Any CPU = Debug|Any CPU
		Release|Any CPU = Release|Any CPU
	EndGlobalSection
	GlobalSection(ProjectConfigurationPlatforms) = postSolution
		{8C8A6B78-1FF5-4B22-9AD7-7DAD074D6780}.Debug|Any CPU.ActiveCfg = Debug|Any CPU
		{8C8A6B78-1FF5-4B22-9AD7-7DAD074D6780}.Debug|Any CPU.Build.0 = Debug|Any CPU
		{8C8A6B78-1FF5-4B22-9AD7-7DAD074D6780}.Release|Any CPU.ActiveCfg = Release|Any CPU
		{8C8A6B78-1FF5-4B22-9AD7-7DAD074D6780}.Release|Any CPU.Build.0 = Release|Any CPU
		{E111D07A-5140-4CBB-B7C8-B1332590B30D}.Debug|Any CPU.ActiveCfg = Debug|Any CPU
		{E111D07A-5140-4CBB-B7C8-B1332590B30D}.Debug|Any CPU.Build.0 = Debug|Any CPU
		{E111D07A-5140-4CBB-B7C8-B1332590B30D}.Release|Any CPU.ActiveCfg = Release|Any CPU
		{E111D07A-5140-4CBB-B7C8-B1332590B30D}.Release|Any CPU.Build.0 = Release|Any CPU
		{BF9A5535-4339-4465-B9E2-7060C862EFA0}.Debug|Any CPU.ActiveCfg = Debug|Any CPU
		{BF9A5535-4339-4465-B9E2-7060C862EFA0}.Debug|Any CPU.Build.0 = Debug|Any CPU
		{BF9A5535-4339-4465-B9E2-7060C862EFA0}.Release|Any CPU.ActiveCfg = Release|Any CPU
		{BF9A5535-4339-4465-B9E2-7060C862EFA0}.Release|Any CPU.Build.0 = Release|Any CPU
		{CE39EFA4-CDD4-4AA5-A30C-9133883E8221}.Debug|Any CPU.ActiveCfg = Debug|Any CPU
		{CE39EFA4-CDD4-4AA5-A30C-9133883E8221}.Debug|Any CPU.Build.0 = Debug|Any CPU
		{CE39EFA4-CDD4-4AA5-A30C-9133883E8221}.Release|Any CPU.ActiveCfg = Release|Any CPU
		{CE39EFA4-CDD4-4AA5-A30C-9133883E8221}.Release|Any CPU.Build.0 = Release|Any CPU
		{3EC07B29-D9A9-49AD-8E96-8BB4375DA192}.Debug|Any CPU.ActiveCfg = Debug|Any CPU
		{3EC07B29-D9A9-49AD-8E96-8BB4375DA192}.Debug|Any CPU.Build.0 = Debug|Any CPU
		{3EC07B29-D9A9-49AD-8E96-8BB4375DA192}.Release|Any CPU.ActiveCfg = Release|Any CPU
		{3EC07B29-D9A9-49AD-8E96-8BB4375DA192}.Release|Any CPU.Build.0 = Release|Any CPU
		{BAA83D4A-26A5-4E58-AA24-4D0A17B977DC}.Debug|Any CPU.ActiveCfg = Debug|Any CPU
		{BAA83D4A-26A5-4E58-AA24-4D0A17B977DC}.Debug|Any CPU.Build.0 = Debug|Any CPU
		{BAA83D4A-26A5-4E58-AA24-4D0A17B977DC}.Release|Any CPU.ActiveCfg = Release|Any CPU
		{BAA83D4A-26A5-4E58-AA24-4D0A17B977DC}.Release|Any CPU.Build.0 = Release|Any CPU
		{5AB55B41-28E8-4137-ACB5-D008088171CA}.Debug|Any CPU.ActiveCfg = Debug|Any CPU
		{5AB55B41-28E8-4137-ACB5-D008088171CA}.Debug|Any CPU.Build.0 = Debug|Any CPU
		{5AB55B41-28E8-4137-ACB5-D008088171CA}.Release|Any CPU.ActiveCfg = Release|Any CPU
		{5AB55B41-28E8-4137-ACB5-D008088171CA}.Release|Any CPU.Build.0 = Release|Any CPU
		{B292A811-9FB7-4F95-86C2-1AE93114D9E5}.Debug|Any CPU.ActiveCfg = Debug|Any CPU
		{B292A811-9FB7-4F95-86C2-1AE93114D9E5}.Debug|Any CPU.Build.0 = Debug|Any CPU
		{B292A811-9FB7-4F95-86C2-1AE93114D9E5}.Release|Any CPU.ActiveCfg = Release|Any CPU
		{B292A811-9FB7-4F95-86C2-1AE93114D9E5}.Release|Any CPU.Build.0 = Release|Any CPU
	EndGlobalSection
	GlobalSection(SolutionProperties) = preSolution
		HideSolutionNode = FALSE
	EndGlobalSection
EndGlobal
