
Microsoft Visual Studio Solution File, Format Version 12.00
# Visual Studio 14
VisualStudioVersion = 14.0.25420.1
MinimumVisualStudioVersion = 10.0.40219.1
Project("{FAE04EC0-301F-11D3-BF4B-00C04F79EFBC}") = "PWproject", "PWproject\PWproject.csproj", "{8C8A6B78-1FF5-4B22-9AD7-7DAD074D6780}"
EndProject
Project("{FAE04EC0-301F-11D3-BF4B-00C04F79EFBC}") = "VarType", "VarType\VarType.csproj", "{E111D07A-5140-4CBB-B7C8-B1332590B30D}"
EndProject
Project("{FAE04EC0-301F-11D3-BF4B-00C04F79EFBC}") = "TypeCast", "TypeCast\TypeCast.csproj", "{BF9A5535-4339-4465-B9E2-7060C862EFA0}"
EndProject
Project("{FAE04EC0-301F-11D3-BF4B-00C04F79EFBC}") = "Ostatok", "Ostatok\Ostatok.csproj", "{CE39EFA4-CDD4-4AA5-A30C-9133883E8221}"
EndProject
Project("{FAE04EC0-301F-11D3-BF4B-00C04F79EFBC}") = "inkrement_dekrement", "inkrement_dekrement\inkrement_dekrement.csproj", "{3EC07B29-D9A9-49AD-8E96-8BB4375DA192}"
EndProject
Project("{FAE04EC0-301F-11D3-BF4B-00C04F79EFBC}") = "LogikOperator", "LogikOperator\LogikOperator.csproj", "{BAA83D4A-26A5-4E58-AA24-4D0A17B977DC}"
EndProject
Project("{FAE04EC0-301F-11D3-BF4B-00C04F79EFBC}") = "IfElse", "IfElse\IfElse.csproj", "{5AB55B41-28E8-4137-ACB5-D008088171CA}"
EndProject
Project("{FAE04EC0-301F-11D3-BF4B-00C04F79EFBC}") = "switch", "switch\switch.csproj", "{B292A811-9FB7-4F95-86C2-1AE93114D9E5}"
EndProject
Project("{FAE04EC0-301F-11D3-BF4B-00C04F79EFBC}") = "for", "for\for.csproj", "{04582C89-E42D-4920-9EA0-04752B7F7BF4}"
EndProject
Project("{FAE04EC0-301F-11D3-BF4B-00C04F79EFBC}") = "for1", "for1\for1.csproj", "{ECE86126-5A02-4061-BC6F-07C3447DC951}"
EndProject
Project("{FAE04EC0-301F-11D3-BF4B-00C04F79EFBC}") = "while", "while\while.csproj", "{211BC426-3B80-4A09-9B06-64D964A45D47}"
EndProject
Project("{FAE04EC0-301F-11D3-BF4B-00C04F79EFBC}") = "dowhile", "dowhile\dowhile.csproj", "{9FC93699-9A8E-4424-8E84-40BCE0037DD1}"
EndProject
Project("{FAE04EC0-301F-11D3-BF4B-00C04F79EFBC}") = "foretch", "foretch\foretch.csproj", "{08628120-FE0D-4582-8AF7-84B1DD2AF9D6}"
EndProject
Project("{FAE04EC0-301F-11D3-BF4B-00C04F79EFBC}") = "Continue", "Continue\Continue.csproj", "{AAC90312-BFE0-4C4D-974E-07BADCE6E828}"
EndProject
Project("{FAE04EC0-301F-11D3-BF4B-00C04F79EFBC}") = "return", "return\return.csproj", "{CE923D7B-38AA-4774-95C6-C615AE992940}"
EndProject
Project("{FAE04EC0-301F-11D3-BF4B-00C04F79EFBC}") = "Massiv", "Massiv\Massiv.csproj", "{8ABF8C10-A1FF-4186-B122-5245C81C2861}"
EndProject
Project("{FAE04EC0-301F-11D3-BF4B-00C04F79EFBC}") = "MassivObjekt", "MassivObjekt\MassivObjekt.csproj", "{F2E5AE73-E044-4F4D-BEB6-0A84549D5BA1}"
EndProject
Project("{FAE04EC0-301F-11D3-BF4B-00C04F79EFBC}") = "DwumerniyMasiv", "DwumerniyMasiv\DwumerniyMasiv.csproj", "{7B536CFB-EBE2-41DB-A20B-4610010DDF20}"
EndProject
Project("{FAE04EC0-301F-11D3-BF4B-00C04F79EFBC}") = "ClassArray", "ClassArray\ClassArray.csproj", "{70333488-A1CC-45C1-A8A7-F24F7B97D5D6}"
EndProject
Project("{FAE04EC0-301F-11D3-BF4B-00C04F79EFBC}") = "CloneMass", "CloneMass\CloneMass.csproj", "{C767D105-6647-42A8-B482-6D80EB3BBC84}"
EndProject
Project("{FAE04EC0-301F-11D3-BF4B-00C04F79EFBC}") = "SortAndSerch", "SortAndSerch\SortAndSerch.csproj", "{99EED68E-7957-4389-92F7-53353D437DE8}"
EndProject
Project("{FAE04EC0-301F-11D3-BF4B-00C04F79EFBC}") = "ArrayInMethod", "ArrayInMethod\ArrayInMethod.csproj", "{16AD59F5-4F13-4A7A-AD3B-B4FEF2918C76}"
EndProject
Project("{FAE04EC0-301F-11D3-BF4B-00C04F79EFBC}") = "ArraySegmentProj", "ArraySegmentProj\ArraySegmentProj.csproj", "{F47E5137-B237-4C9C-86D8-8AB1B4424BCD}"
EndProject
Project("{FAE04EC0-301F-11D3-BF4B-00C04F79EFBC}") = "Korteg", "Korteg\Korteg.csproj", "{BA0BFB3A-4C2F-4D4C-AB75-A8968CB3D2F9}"
EndProject
Project("{FAE04EC0-301F-11D3-BF4B-00C04F79EFBC}") = "StringFirst", "StringFirst\StringFirst.csproj", "{3FC0116C-60E8-496A-B355-0B7BA2656D07}"
EndProject
Project("{FAE04EC0-301F-11D3-BF4B-00C04F79EFBC}") = "StringMethods", "StringMethods\StringMethods.csproj", "{05350668-6403-4141-BF44-67F55EB7A024}"
EndProject
Project("{FAE04EC0-301F-11D3-BF4B-00C04F79EFBC}") = "StupenchatuyMasiv", "StupenchatuyMasiv\StupenchatuyMasiv.csproj", "{85ED351B-7A5D-4056-A6BC-185532E8483A}"
EndProject
Project("{FAE04EC0-301F-11D3-BF4B-00C04F79EFBC}") = "ArrayInstance", "ArrayInstance\ArrayInstance.csproj", "{A16755AB-7F8C-4277-87BB-9C850D195241}"
EndProject
Project("{FAE04EC0-301F-11D3-BF4B-00C04F79EFBC}") = "ArraySortSerch", "ArraySortSerch\ArraySortSerch.csproj", "{86B0B72E-70B8-49F2-AC3B-54A40A73A8FB}"
EndProject
Project("{FAE04EC0-301F-11D3-BF4B-00C04F79EFBC}") = "CompareString", "CompareString\CompareString.csproj", "{340C4B85-9D52-456C-96FE-B852386DE01E}"
EndProject
Project("{FAE04EC0-301F-11D3-BF4B-00C04F79EFBC}") = "StringBuilderApp", "StringBuilderApp\StringBuilderApp.csproj", "{7C267D05-5097-41FF-8928-C15ACEBB9CA9}"
EndProject
Global
	GlobalSection(SolutionConfigurationPlatforms) = preSolution
		Debug|Any CPU = Debug|Any CPU
		Release|Any CPU = Release|Any CPU
	EndGlobalSection
	GlobalSection(ProjectConfigurationPlatforms) = postSolution
		{8C8A6B78-1FF5-4B22-9AD7-7DAD074D6780}.Debug|Any CPU.ActiveCfg = Debug|Any CPU
		{8C8A6B78-1FF5-4B22-9AD7-7DAD074D6780}.Debug|Any CPU.Build.0 = Debug|Any CPU
		{8C8A6B78-1FF5-4B22-9AD7-7DAD074D6780}.Release|Any CPU.ActiveCfg = Release|Any CPU
		{8C8A6B78-1FF5-4B22-9AD7-7DAD074D6780}.Release|Any CPU.Build.0 = Release|Any CPU
		{E111D07A-5140-4CBB-B7C8-B1332590B30D}.Debug|Any CPU.ActiveCfg = Debug|Any CPU
		{E111D07A-5140-4CBB-B7C8-B1332590B30D}.Debug|Any CPU.Build.0 = Debug|Any CPU
		{E111D07A-5140-4CBB-B7C8-B1332590B30D}.Release|Any CPU.ActiveCfg = Release|Any CPU
		{E111D07A-5140-4CBB-B7C8-B1332590B30D}.Release|Any CPU.Build.0 = Release|Any CPU
		{BF9A5535-4339-4465-B9E2-7060C862EFA0}.Debug|Any CPU.ActiveCfg = Debug|Any CPU
		{BF9A5535-4339-4465-B9E2-7060C862EFA0}.Debug|Any CPU.Build.0 = Debug|Any CPU
		{BF9A5535-4339-4465-B9E2-7060C862EFA0}.Release|Any CPU.ActiveCfg = Release|Any CPU
		{BF9A5535-4339-4465-B9E2-7060C862EFA0}.Release|Any CPU.Build.0 = Release|Any CPU
		{CE39EFA4-CDD4-4AA5-A30C-9133883E8221}.Debug|Any CPU.ActiveCfg = Debug|Any CPU
		{CE39EFA4-CDD4-4AA5-A30C-9133883E8221}.Debug|Any CPU.Build.0 = Debug|Any CPU
		{CE39EFA4-CDD4-4AA5-A30C-9133883E8221}.Release|Any CPU.ActiveCfg = Release|Any CPU
		{CE39EFA4-CDD4-4AA5-A30C-9133883E8221}.Release|Any CPU.Build.0 = Release|Any CPU
		{3EC07B29-D9A9-49AD-8E96-8BB4375DA192}.Debug|Any CPU.ActiveCfg = Debug|Any CPU
		{3EC07B29-D9A9-49AD-8E96-8BB4375DA192}.Debug|Any CPU.Build.0 = Debug|Any CPU
		{3EC07B29-D9A9-49AD-8E96-8BB4375DA192}.Release|Any CPU.ActiveCfg = Release|Any CPU
		{3EC07B29-D9A9-49AD-8E96-8BB4375DA192}.Release|Any CPU.Build.0 = Release|Any CPU
		{BAA83D4A-26A5-4E58-AA24-4D0A17B977DC}.Debug|Any CPU.ActiveCfg = Debug|Any CPU
		{BAA83D4A-26A5-4E58-AA24-4D0A17B977DC}.Debug|Any CPU.Build.0 = Debug|Any CPU
		{BAA83D4A-26A5-4E58-AA24-4D0A17B977DC}.Release|Any CPU.ActiveCfg = Release|Any CPU
		{BAA83D4A-26A5-4E58-AA24-4D0A17B977DC}.Release|Any CPU.Build.0 = Release|Any CPU
		{5AB55B41-28E8-4137-ACB5-D008088171CA}.Debug|Any CPU.ActiveCfg = Debug|Any CPU
		{5AB55B41-28E8-4137-ACB5-D008088171CA}.Debug|Any CPU.Build.0 = Debug|Any CPU
		{5AB55B41-28E8-4137-ACB5-D008088171CA}.Release|Any CPU.ActiveCfg = Release|Any CPU
		{5AB55B41-28E8-4137-ACB5-D008088171CA}.Release|Any CPU.Build.0 = Release|Any CPU
		{B292A811-9FB7-4F95-86C2-1AE93114D9E5}.Debug|Any CPU.ActiveCfg = Debug|Any CPU
		{B292A811-9FB7-4F95-86C2-1AE93114D9E5}.Debug|Any CPU.Build.0 = Debug|Any CPU
		{B292A811-9FB7-4F95-86C2-1AE93114D9E5}.Release|Any CPU.ActiveCfg = Release|Any CPU
		{B292A811-9FB7-4F95-86C2-1AE93114D9E5}.Release|Any CPU.Build.0 = Release|Any CPU
		{04582C89-E42D-4920-9EA0-04752B7F7BF4}.Debug|Any CPU.ActiveCfg = Debug|Any CPU
		{04582C89-E42D-4920-9EA0-04752B7F7BF4}.Debug|Any CPU.Build.0 = Debug|Any CPU
		{04582C89-E42D-4920-9EA0-04752B7F7BF4}.Release|Any CPU.ActiveCfg = Release|Any CPU
		{04582C89-E42D-4920-9EA0-04752B7F7BF4}.Release|Any CPU.Build.0 = Release|Any CPU
		{ECE86126-5A02-4061-BC6F-07C3447DC951}.Debug|Any CPU.ActiveCfg = Debug|Any CPU
		{ECE86126-5A02-4061-BC6F-07C3447DC951}.Debug|Any CPU.Build.0 = Debug|Any CPU
		{ECE86126-5A02-4061-BC6F-07C3447DC951}.Release|Any CPU.ActiveCfg = Release|Any CPU
		{ECE86126-5A02-4061-BC6F-07C3447DC951}.Release|Any CPU.Build.0 = Release|Any CPU
		{211BC426-3B80-4A09-9B06-64D964A45D47}.Debug|Any CPU.ActiveCfg = Debug|Any CPU
		{211BC426-3B80-4A09-9B06-64D964A45D47}.Debug|Any CPU.Build.0 = Debug|Any CPU
		{211BC426-3B80-4A09-9B06-64D964A45D47}.Release|Any CPU.ActiveCfg = Release|Any CPU
		{211BC426-3B80-4A09-9B06-64D964A45D47}.Release|Any CPU.Build.0 = Release|Any CPU
		{9FC93699-9A8E-4424-8E84-40BCE0037DD1}.Debug|Any CPU.ActiveCfg = Debug|Any CPU
		{9FC93699-9A8E-4424-8E84-40BCE0037DD1}.Debug|Any CPU.Build.0 = Debug|Any CPU
		{9FC93699-9A8E-4424-8E84-40BCE0037DD1}.Release|Any CPU.ActiveCfg = Release|Any CPU
		{9FC93699-9A8E-4424-8E84-40BCE0037DD1}.Release|Any CPU.Build.0 = Release|Any CPU
		{08628120-FE0D-4582-8AF7-84B1DD2AF9D6}.Debug|Any CPU.ActiveCfg = Debug|Any CPU
		{08628120-FE0D-4582-8AF7-84B1DD2AF9D6}.Debug|Any CPU.Build.0 = Debug|Any CPU
		{08628120-FE0D-4582-8AF7-84B1DD2AF9D6}.Release|Any CPU.ActiveCfg = Release|Any CPU
		{08628120-FE0D-4582-8AF7-84B1DD2AF9D6}.Release|Any CPU.Build.0 = Release|Any CPU
		{AAC90312-BFE0-4C4D-974E-07BADCE6E828}.Debug|Any CPU.ActiveCfg = Debug|Any CPU
		{AAC90312-BFE0-4C4D-974E-07BADCE6E828}.Debug|Any CPU.Build.0 = Debug|Any CPU
		{AAC90312-BFE0-4C4D-974E-07BADCE6E828}.Release|Any CPU.ActiveCfg = Release|Any CPU
		{AAC90312-BFE0-4C4D-974E-07BADCE6E828}.Release|Any CPU.Build.0 = Release|Any CPU
		{CE923D7B-38AA-4774-95C6-C615AE992940}.Debug|Any CPU.ActiveCfg = Debug|Any CPU
		{CE923D7B-38AA-4774-95C6-C615AE992940}.Debug|Any CPU.Build.0 = Debug|Any CPU
		{CE923D7B-38AA-4774-95C6-C615AE992940}.Release|Any CPU.ActiveCfg = Release|Any CPU
		{CE923D7B-38AA-4774-95C6-C615AE992940}.Release|Any CPU.Build.0 = Release|Any CPU
		{8ABF8C10-A1FF-4186-B122-5245C81C2861}.Debug|Any CPU.ActiveCfg = Debug|Any CPU
		{8ABF8C10-A1FF-4186-B122-5245C81C2861}.Debug|Any CPU.Build.0 = Debug|Any CPU
		{8ABF8C10-A1FF-4186-B122-5245C81C2861}.Release|Any CPU.ActiveCfg = Release|Any CPU
		{8ABF8C10-A1FF-4186-B122-5245C81C2861}.Release|Any CPU.Build.0 = Release|Any CPU
		{F2E5AE73-E044-4F4D-BEB6-0A84549D5BA1}.Debug|Any CPU.ActiveCfg = Debug|Any CPU
		{F2E5AE73-E044-4F4D-BEB6-0A84549D5BA1}.Debug|Any CPU.Build.0 = Debug|Any CPU
		{F2E5AE73-E044-4F4D-BEB6-0A84549D5BA1}.Release|Any CPU.ActiveCfg = Release|Any CPU
		{F2E5AE73-E044-4F4D-BEB6-0A84549D5BA1}.Release|Any CPU.Build.0 = Release|Any CPU
		{7B536CFB-EBE2-41DB-A20B-4610010DDF20}.Debug|Any CPU.ActiveCfg = Debug|Any CPU
		{7B536CFB-EBE2-41DB-A20B-4610010DDF20}.Debug|Any CPU.Build.0 = Debug|Any CPU
		{7B536CFB-EBE2-41DB-A20B-4610010DDF20}.Release|Any CPU.ActiveCfg = Release|Any CPU
		{7B536CFB-EBE2-41DB-A20B-4610010DDF20}.Release|Any CPU.Build.0 = Release|Any CPU
		{70333488-A1CC-45C1-A8A7-F24F7B97D5D6}.Debug|Any CPU.ActiveCfg = Debug|Any CPU
		{70333488-A1CC-45C1-A8A7-F24F7B97D5D6}.Debug|Any CPU.Build.0 = Debug|Any CPU
		{70333488-A1CC-45C1-A8A7-F24F7B97D5D6}.Release|Any CPU.ActiveCfg = Release|Any CPU
		{70333488-A1CC-45C1-A8A7-F24F7B97D5D6}.Release|Any CPU.Build.0 = Release|Any CPU
		{C767D105-6647-42A8-B482-6D80EB3BBC84}.Debug|Any CPU.ActiveCfg = Debug|Any CPU
		{C767D105-6647-42A8-B482-6D80EB3BBC84}.Debug|Any CPU.Build.0 = Debug|Any CPU
		{C767D105-6647-42A8-B482-6D80EB3BBC84}.Release|Any CPU.ActiveCfg = Release|Any CPU
		{C767D105-6647-42A8-B482-6D80EB3BBC84}.Release|Any CPU.Build.0 = Release|Any CPU
		{99EED68E-7957-4389-92F7-53353D437DE8}.Debug|Any CPU.ActiveCfg = Debug|Any CPU
		{99EED68E-7957-4389-92F7-53353D437DE8}.Debug|Any CPU.Build.0 = Debug|Any CPU
		{99EED68E-7957-4389-92F7-53353D437DE8}.Release|Any CPU.ActiveCfg = Release|Any CPU
		{99EED68E-7957-4389-92F7-53353D437DE8}.Release|Any CPU.Build.0 = Release|Any CPU
		{16AD59F5-4F13-4A7A-AD3B-B4FEF2918C76}.Debug|Any CPU.ActiveCfg = Debug|Any CPU
		{16AD59F5-4F13-4A7A-AD3B-B4FEF2918C76}.Debug|Any CPU.Build.0 = Debug|Any CPU
		{16AD59F5-4F13-4A7A-AD3B-B4FEF2918C76}.Release|Any CPU.ActiveCfg = Release|Any CPU
		{16AD59F5-4F13-4A7A-AD3B-B4FEF2918C76}.Release|Any CPU.Build.0 = Release|Any CPU
		{F47E5137-B237-4C9C-86D8-8AB1B4424BCD}.Debug|Any CPU.ActiveCfg = Debug|Any CPU
		{F47E5137-B237-4C9C-86D8-8AB1B4424BCD}.Debug|Any CPU.Build.0 = Debug|Any CPU
		{F47E5137-B237-4C9C-86D8-8AB1B4424BCD}.Release|Any CPU.ActiveCfg = Release|Any CPU
		{F47E5137-B237-4C9C-86D8-8AB1B4424BCD}.Release|Any CPU.Build.0 = Release|Any CPU
		{BA0BFB3A-4C2F-4D4C-AB75-A8968CB3D2F9}.Debug|Any CPU.ActiveCfg = Debug|Any CPU
		{BA0BFB3A-4C2F-4D4C-AB75-A8968CB3D2F9}.Debug|Any CPU.Build.0 = Debug|Any CPU
		{BA0BFB3A-4C2F-4D4C-AB75-A8968CB3D2F9}.Release|Any CPU.ActiveCfg = Release|Any CPU
		{BA0BFB3A-4C2F-4D4C-AB75-A8968CB3D2F9}.Release|Any CPU.Build.0 = Release|Any CPU
		{3FC0116C-60E8-496A-B355-0B7BA2656D07}.Debug|Any CPU.ActiveCfg = Debug|Any CPU
		{3FC0116C-60E8-496A-B355-0B7BA2656D07}.Debug|Any CPU.Build.0 = Debug|Any CPU
		{3FC0116C-60E8-496A-B355-0B7BA2656D07}.Release|Any CPU.ActiveCfg = Release|Any CPU
		{3FC0116C-60E8-496A-B355-0B7BA2656D07}.Release|Any CPU.Build.0 = Release|Any CPU
		{05350668-6403-4141-BF44-67F55EB7A024}.Debug|Any CPU.ActiveCfg = Debug|Any CPU
		{05350668-6403-4141-BF44-67F55EB7A024}.Debug|Any CPU.Build.0 = Debug|Any CPU
		{05350668-6403-4141-BF44-67F55EB7A024}.Release|Any CPU.ActiveCfg = Release|Any CPU
		{05350668-6403-4141-BF44-67F55EB7A024}.Release|Any CPU.Build.0 = Release|Any CPU
		{85ED351B-7A5D-4056-A6BC-185532E8483A}.Debug|Any CPU.ActiveCfg = Debug|Any CPU
		{85ED351B-7A5D-4056-A6BC-185532E8483A}.Debug|Any CPU.Build.0 = Debug|Any CPU
		{85ED351B-7A5D-4056-A6BC-185532E8483A}.Release|Any CPU.ActiveCfg = Release|Any CPU
		{85ED351B-7A5D-4056-A6BC-185532E8483A}.Release|Any CPU.Build.0 = Release|Any CPU
		{A16755AB-7F8C-4277-87BB-9C850D195241}.Debug|Any CPU.ActiveCfg = Debug|Any CPU
		{A16755AB-7F8C-4277-87BB-9C850D195241}.Debug|Any CPU.Build.0 = Debug|Any CPU
		{A16755AB-7F8C-4277-87BB-9C850D195241}.Release|Any CPU.ActiveCfg = Release|Any CPU
		{A16755AB-7F8C-4277-87BB-9C850D195241}.Release|Any CPU.Build.0 = Release|Any CPU
		{86B0B72E-70B8-49F2-AC3B-54A40A73A8FB}.Debug|Any CPU.ActiveCfg = Debug|Any CPU
		{86B0B72E-70B8-49F2-AC3B-54A40A73A8FB}.Debug|Any CPU.Build.0 = Debug|Any CPU
		{86B0B72E-70B8-49F2-AC3B-54A40A73A8FB}.Release|Any CPU.ActiveCfg = Release|Any CPU
		{86B0B72E-70B8-49F2-AC3B-54A40A73A8FB}.Release|Any CPU.Build.0 = Release|Any CPU
		{340C4B85-9D52-456C-96FE-B852386DE01E}.Debug|Any CPU.ActiveCfg = Debug|Any CPU
		{340C4B85-9D52-456C-96FE-B852386DE01E}.Debug|Any CPU.Build.0 = Debug|Any CPU
		{340C4B85-9D52-456C-96FE-B852386DE01E}.Release|Any CPU.ActiveCfg = Release|Any CPU
		{340C4B85-9D52-456C-96FE-B852386DE01E}.Release|Any CPU.Build.0 = Release|Any CPU
		{7C267D05-5097-41FF-8928-C15ACEBB9CA9}.Debug|Any CPU.ActiveCfg = Debug|Any CPU
		{7C267D05-5097-41FF-8928-C15ACEBB9CA9}.Debug|Any CPU.Build.0 = Debug|Any CPU
		{7C267D05-5097-41FF-8928-C15ACEBB9CA9}.Release|Any CPU.ActiveCfg = Release|Any CPU
		{7C267D05-5097-41FF-8928-C15ACEBB9CA9}.Release|Any CPU.Build.0 = Release|Any CPU
	EndGlobalSection
	GlobalSection(SolutionProperties) = preSolution
		HideSolutionNode = FALSE
	EndGlobalSection
EndGlobal
